
Microsoft Visual Studio Solution File, Format Version 12.00
# Visual Studio 2012
Project("{8BC9CEB8-8B4A-11D0-8D11-00A0C91BC942}") = "RegJumpGUI", "RegJumpGUI\RegJumpGUI.vcxproj", "{881CC160-6956-45F1-B150-9EA90ED0441F}"
EndProject
Global
	GlobalSection(SolutionConfigurationPlatforms) = preSolution
		Debug|Win32 = Debug|Win32
		Release|Win32 = Release|Win32
	EndGlobalSection
	GlobalSection(ProjectConfigurationPlatforms) = postSolution
		{881CC160-6956-45F1-B150-9EA90ED0441F}.Debug|Win32.ActiveCfg = Debug|Win32
		{881CC160-6956-45F1-B150-9EA90ED0441F}.Debug|Win32.Build.0 = Debug|Win32
		{881CC160-6956-45F1-B150-9EA90ED0441F}.Release|Win32.ActiveCfg = Release|Win32
		{881CC160-6956-45F1-B150-9EA90ED0441F}.Release|Win32.Build.0 = Release|Win32
	EndGlobalSection
	GlobalSection(SolutionProperties) = preSolution
		HideSolutionNode = FALSE
	EndGlobalSection
EndGlobal
